
Microsoft Visual Studio Solution File, Format Version 12.00
# Visual Studio Version 16
VisualStudioVersion = 16.0.30002.166
MinimumVisualStudioVersion = 10.0.40219.1
Project("{FAE04EC0-301F-11D3-BF4B-00C04F79EFBC}") = "AricMiddlewareAPI", "AricMiddlewareAPI\AricMiddlewareAPI.csproj", "{227B73A8-50D8-4D12-851B-0384614995A9}"
EndProject
Project("{FAE04EC0-301F-11D3-BF4B-00C04F79EFBC}") = "AnalyticsEngine", "AnalyticsEngine\AnalyticsEngine.csproj", "{91107233-98B5-4F54-8010-8F3796594D2A}"
EndProject
Project("{FAE04EC0-301F-11D3-BF4B-00C04F79EFBC}") = "SuggestionProvider", "SuggestionProvider\SuggestionProvider.csproj", "{D9F09894-6EDC-4FE7-B4E2-E96CC58AD4AD}"
EndProject
Global
	GlobalSection(SolutionConfigurationPlatforms) = preSolution
		Debug|Any CPU = Debug|Any CPU
		Release|Any CPU = Release|Any CPU
	EndGlobalSection
	GlobalSection(ProjectConfigurationPlatforms) = postSolution
		{227B73A8-50D8-4D12-851B-0384614995A9}.Debug|Any CPU.ActiveCfg = Debug|Any CPU
		{227B73A8-50D8-4D12-851B-0384614995A9}.Debug|Any CPU.Build.0 = Debug|Any CPU
		{227B73A8-50D8-4D12-851B-0384614995A9}.Release|Any CPU.ActiveCfg = Release|Any CPU
		{227B73A8-50D8-4D12-851B-0384614995A9}.Release|Any CPU.Build.0 = Release|Any CPU
		{91107233-98B5-4F54-8010-8F3796594D2A}.Debug|Any CPU.ActiveCfg = Debug|Any CPU
		{91107233-98B5-4F54-8010-8F3796594D2A}.Debug|Any CPU.Build.0 = Debug|Any CPU
		{91107233-98B5-4F54-8010-8F3796594D2A}.Release|Any CPU.ActiveCfg = Release|Any CPU
		{91107233-98B5-4F54-8010-8F3796594D2A}.Release|Any CPU.Build.0 = Release|Any CPU
		{D9F09894-6EDC-4FE7-B4E2-E96CC58AD4AD}.Debug|Any CPU.ActiveCfg = Debug|Any CPU
		{D9F09894-6EDC-4FE7-B4E2-E96CC58AD4AD}.Debug|Any CPU.Build.0 = Debug|Any CPU
		{D9F09894-6EDC-4FE7-B4E2-E96CC58AD4AD}.Release|Any CPU.ActiveCfg = Release|Any CPU
		{D9F09894-6EDC-4FE7-B4E2-E96CC58AD4AD}.Release|Any CPU.Build.0 = Release|Any CPU
	EndGlobalSection
	GlobalSection(SolutionProperties) = preSolution
		HideSolutionNode = FALSE
	EndGlobalSection
	GlobalSection(ExtensibilityGlobals) = postSolution
		SolutionGuid = {734FF7F1-C955-4E3D-B223-3252C2E18A7A}
	EndGlobalSection
EndGlobal
